{
  "name": "jsonTools",
  "version": "1.0.0",
  "lockfileVersion": 2,
  "requires": true,
  "packages": {
    "": {
      "name": "jsonTools",
      "version": "1.0.0",
      "license": "MIT",
      "dependencies": {
        "@types/node": "^12.12.21",
        "generate-schema": "^2.6.0",
        "json-pointer": "^0.6.0"
      }
    },
    "node_modules/@types/node": {
      "version": "12.12.21",
      "resolved": "https://registry.npmjs.org/@types/node/-/node-12.12.21.tgz",
      "integrity": "sha512-8sRGhbpU+ck1n0PGAUgVrWrWdjSW2aqNeyC15W88GRsMpSwzv6RJGlLhE7s2RhVSOdyDmxbqlWSeThq4/7xqlA=="
    },
    "node_modules/commander": {
      "version": "2.20.3",
      "resolved": "https://registry.npmjs.org/commander/-/commander-2.20.3.tgz",
      "integrity": "sha512-GpVkmM8vF2vQUkj2LvZmD35JxeJOLCwJ9cUkugyk2nuhbv3+mJvpLYYt+0+USMxE+oj+ey/lJEnhZw75x/OMcQ=="
    },
    "node_modules/foreach": {
      "version": "2.0.5",
      "resolved": "https://registry.npmjs.org/foreach/-/foreach-2.0.5.tgz",
      "integrity": "sha1-C+4AUBiusmDQo6865ljdATbsG5k="
    },
    "node_modules/generate-schema": {
      "version": "2.6.0",
      "resolved": "https://registry.npmjs.org/generate-schema/-/generate-schema-2.6.0.tgz",
      "integrity": "sha512-EUBKfJNzT8f91xUk5X5gKtnbdejZeE065UAJ3BCzE8VEbvwKI9Pm5jaWmqVeK1MYc1g5weAVFDTSJzN7ymtTqA==",
      "dependencies": {
        "commander": "^2.9.0",
        "type-of-is": "^3.4.0"
      },
      "bin": {
        "generate-schema": "bin/generate-schema"
      }
    },
    "node_modules/json-pointer": {
      "version": "0.6.0",
      "resolved": "https://registry.npmjs.org/json-pointer/-/json-pointer-0.6.0.tgz",
      "integrity": "sha1-jlAFUKaqxUZKRzN32leqbMIoKNc=",
      "dependencies": {
        "foreach": "^2.0.4"
      }
    },
    "node_modules/type-of-is": {
      "version": "3.5.1",
      "resolved": "https://registry.npmjs.org/type-of-is/-/type-of-is-3.5.1.tgz",
      "integrity": "sha1-7sL8ibgo2/mQDrZBbu4w9P4PzTE=",
      "engines": {
        "node": ">=0.10.5"
      }
    }
  },
  "dependencies": {
    "@types/node": {
      "version": "12.12.21",
      "resolved": "https://registry.npmjs.org/@types/node/-/node-12.12.21.tgz",
      "integrity": "sha512-8sRGhbpU+ck1n0PGAUgVrWrWdjSW2aqNeyC15W88GRsMpSwzv6RJGlLhE7s2RhVSOdyDmxbqlWSeThq4/7xqlA=="
    },
    "commander": {
      "version": "2.20.3",
      "resolved": "https://registry.npmjs.org/commander/-/commander-2.20.3.tgz",
      "integrity": "sha512-GpVkmM8vF2vQUkj2LvZmD35JxeJOLCwJ9cUkugyk2nuhbv3+mJvpLYYt+0+USMxE+oj+ey/lJEnhZw75x/OMcQ=="
    },
    "foreach": {
      "version": "2.0.5",
      "resolved": "https://registry.npmjs.org/foreach/-/foreach-2.0.5.tgz",
      "integrity": "sha1-C+4AUBiusmDQo6865ljdATbsG5k="
    },
    "generate-schema": {
      "version": "2.6.0",
      "resolved": "https://registry.npmjs.org/generate-schema/-/generate-schema-2.6.0.tgz",
      "integrity": "sha512-EUBKfJNzT8f91xUk5X5gKtnbdejZeE065UAJ3BCzE8VEbvwKI9Pm5jaWmqVeK1MYc1g5weAVFDTSJzN7ymtTqA==",
      "requires": {
        "commander": "^2.9.0",
        "type-of-is": "^3.4.0"
      }
    },
    "json-pointer": {
      "version": "0.6.0",
      "resolved": "https://registry.npmjs.org/json-pointer/-/json-pointer-0.6.0.tgz",
      "integrity": "sha1-jlAFUKaqxUZKRzN32leqbMIoKNc=",
      "requires": {
        "foreach": "^2.0.4"
      }
    },
    "type-of-is": {
      "version": "3.5.1",
      "resolved": "https://registry.npmjs.org/type-of-is/-/type-of-is-3.5.1.tgz",
      "integrity": "sha1-7sL8ibgo2/mQDrZBbu4w9P4PzTE="
    }
  }
}
